// !$*UTF8*$!
{
	archiveVersion = 1;
	classes = {
	};
	objectVersion = 46;
	objects = {

/* Begin PBXBuildFile section */
		D4943D6819C0C04700D8321C /* Foundation.framework in Frameworks */ = {isa = PBXBuildFile; fileRef = D4943D6719C0C04700D8321C /* Foundation.framework */; };
		D4943D6A19C0C04700D8321C /* CoreGraphics.framework in Frameworks */ = {isa = PBXBuildFile; fileRef = D4943D6919C0C04700D8321C /* CoreGraphics.framework */; };
		D4943D6C19C0C04700D8321C /* UIKit.framework in Frameworks */ = {isa = PBXBuildFile; fileRef = D4943D6B19C0C04700D8321C /* UIKit.framework */; };
		D4943D7219C0C04700D8321C /* InfoPlist.strings in Resources */ = {isa = PBXBuildFile; fileRef = D4943D7019C0C04700D8321C /* InfoPlist.strings */; };
		D4943D7419C0C04700D8321C /* main.m in Sources */ = {isa = PBXBuildFile; fileRef = D4943D7319C0C04700D8321C /* main.m */; };
		D4943D7819C0C04700D8321C /* AppDelegate.m in Sources */ = {isa = PBXBuildFile; fileRef = D4943D7719C0C04700D8321C /* AppDelegate.m */; };
		D4943D7B19C0C04700D8321C /* Main_iPhone.storyboard in Resources */ = {isa = PBXBuildFile; fileRef = D4943D7919C0C04700D8321C /* Main_iPhone.storyboard */; };
		D4943D7E19C0C04700D8321C /* Main_iPad.storyboard in Resources */ = {isa = PBXBuildFile; fileRef = D4943D7C19C0C04700D8321C /* Main_iPad.storyboard */; };
		D4943D8119C0C04700D8321C /* ViewController.m in Sources */ = {isa = PBXBuildFile; fileRef = D4943D8019C0C04700D8321C /* ViewController.m */; };
		D4943D8319C0C04700D8321C /* Images.xcassets in Resources */ = {isa = PBXBuildFile; fileRef = D4943D8219C0C04700D8321C /* Images.xcassets */; };
		D4943D8A19C0C04700D8321C /* XCTest.framework in Frameworks */ = {isa = PBXBuildFile; fileRef = D4943D8919C0C04700D8321C /* XCTest.framework */; };
		D4943D8B19C0C04700D8321C /* Foundation.framework in Frameworks */ = {isa = PBXBuildFile; fileRef = D4943D6719C0C04700D8321C /* Foundation.framework */; };
		D4943D8C19C0C04700D8321C /* UIKit.framework in Frameworks */ = {isa = PBXBuildFile; fileRef = D4943D6B19C0C04700D8321C /* UIKit.framework */; };
		D4943D9419C0C04700D8321C /* InfoPlist.strings in Resources */ = {isa = PBXBuildFile; fileRef = D4943D9219C0C04700D8321C /* InfoPlist.strings */; };
		D4943D9619C0C04700D8321C /* Hello_WorldTests.m in Sources */ = {isa = PBXBuildFile; fileRef = D4943D9519C0C04700D8321C /* Hello_WorldTests.m */; };
/* End PBXBuildFile section */

/* Begin PBXContainerItemProxy section */
		D4943D8D19C0C04700D8321C /* PBXContainerItemProxy */ = {
			isa = PBXContainerItemProxy;
			containerPortal = D4943D5C19C0C04700D8321C /* Project object */;
			proxyType = 1;
			remoteGlobalIDString = D4943D6319C0C04700D8321C;
			remoteInfo = "Hello World";
		};
/* End PBXContainerItemProxy section */

/* Begin PBXFileReference section */
		D4943D6419C0C04700D8321C /* Hello World.app */ = {isa = PBXFileReference; explicitFileType = wrapper.application; includeInIndex = 0; path = "Hello World.app"; sourceTree = BUILT_PRODUCTS_DIR; };
		D4943D6719C0C04700D8321C /* Foundation.framework */ = {isa = PBXFileReference; lastKnownFileType = wrapper.framework; name = Foundation.framework; path = System/Library/Frameworks/Foundation.framework; sourceTree = SDKROOT; };
		D4943D6919C0C04700D8321C /* CoreGraphics.framework */ = {isa = PBXFileReference; lastKnownFileType = wrapper.framework; name = CoreGraphics.framework; path = System/Library/Frameworks/CoreGraphics.framework; sourceTree = SDKROOT; };
		D4943D6B19C0C04700D8321C /* UIKit.framework */ = {isa = PBXFileReference; lastKnownFileType = wrapper.framework; name = UIKit.framework; path = System/Library/Frameworks/UIKit.framework; sourceTree = SDKROOT; };
		D4943D6F19C0C04700D8321C /* Hello World-Info.plist */ = {isa = PBXFileReference; lastKnownFileType = text.plist.xml; path = "Hello World-Info.plist"; sourceTree = "<group>"; };
		D4943D7119C0C04700D8321C /* en */ = {isa = PBXFileReference; lastKnownFileType = text.plist.strings; name = en; path = en.lproj/InfoPlist.strings; sourceTree = "<group>"; };
		D4943D7319C0C04700D8321C /* main.m */ = {isa = PBXFileReference; lastKnownFileType = sourcecode.c.objc; path = main.m; sourceTree = "<group>"; };
		D4943D7519C0C04700D8321C /* Hello World-Prefix.pch */ = {isa = PBXFileReference; lastKnownFileType = sourcecode.c.h; path = "Hello World-Prefix.pch"; sourceTree = "<group>"; };
		D4943D7619C0C04700D8321C /* AppDelegate.h */ = {isa = PBXFileReference; lastKnownFileType = sourcecode.c.h; path = AppDelegate.h; sourceTree = "<group>"; };
		D4943D7719C0C04700D8321C /* AppDelegate.m */ = {isa = PBXFileReference; lastKnownFileType = sourcecode.c.objc; path = AppDelegate.m; sourceTree = "<group>"; };
		D4943D7A19C0C04700D8321C /* Base */ = {isa = PBXFileReference; lastKnownFileType = file.storyboard; name = Base; path = Base.lproj/Main_iPhone.storyboard; sourceTree = "<group>"; };
		D4943D7D19C0C04700D8321C /* Base */ = {isa = PBXFileReference; lastKnownFileType = file.storyboard; name = Base; path = Base.lproj/Main_iPad.storyboard; sourceTree = "<group>"; };
		D4943D7F19C0C04700D8321C /* ViewController.h */ = {isa = PBXFileReference; lastKnownFileType = sourcecode.c.h; path = ViewController.h; sourceTree = "<group>"; };
		D4943D8019C0C04700D8321C /* ViewController.m */ = {isa = PBXFileReference; lastKnownFileType = sourcecode.c.objc; path = ViewController.m; sourceTree = "<group>"; };
		D4943D8219C0C04700D8321C /* Images.xcassets */ = {isa = PBXFileReference; lastKnownFileType = folder.assetcatalog; path = Images.xcassets; sourceTree = "<group>"; };
		D4943D8819C0C04700D8321C /* Hello WorldTests.xctest */ = {isa = PBXFileReference; explicitFileType = wrapper.cfbundle; includeInIndex = 0; path = "Hello WorldTests.xctest"; sourceTree = BUILT_PRODUCTS_DIR; };
		D4943D8919C0C04700D8321C /* XCTest.framework */ = {isa = PBXFileReference; lastKnownFileType = wrapper.framework; name = XCTest.framework; path = Library/Frameworks/XCTest.framework; sourceTree = DEVELOPER_DIR; };
		D4943D9119C0C04700D8321C /* Hello WorldTests-Info.plist */ = {isa = PBXFileReference; lastKnownFileType = text.plist.xml; path = "Hello WorldTests-Info.plist"; sourceTree = "<group>"; };
		D4943D9319C0C04700D8321C /* en */ = {isa = PBXFileReference; lastKnownFileType = text.plist.strings; name = en; path = en.lproj/InfoPlist.strings; sourceTree = "<group>"; };
		D4943D9519C0C04700D8321C /* Hello_WorldTests.m */ = {isa = PBXFileReference; lastKnownFileType = sourcecode.c.objc; path = Hello_WorldTests.m; sourceTree = "<group>"; };
/* End PBXFileReference section */

/* Begin PBXFrameworksBuildPhase section */
		D4943D6119C0C04700D8321C /* Frameworks */ = {
			isa = PBXFrameworksBuildPhase;
			buildActionMask = 2147483647;
			files = (
				D4943D6A19C0C04700D8321C /* CoreGraphics.framework in Frameworks */,
				D4943D6C19C0C04700D8321C /* UIKit.framework in Frameworks */,
				D4943D6819C0C04700D8321C /* Foundation.framework in Frameworks */,
			);
			runOnlyForDeploymentPostprocessing = 0;
		};
		D4943D8519C0C04700D8321C /* Frameworks */ = {
			isa = PBXFrameworksBuildPhase;
			buildActionMask = 2147483647;
			files = (
				D4943D8A19C0C04700D8321C /* XCTest.framework in Frameworks */,
				D4943D8C19C0C04700D8321C /* UIKit.framework in Frameworks */,
				D4943D8B19C0C04700D8321C /* Foundation.framework in Frameworks */,
			);
			runOnlyForDeploymentPostprocessing = 0;
		};
/* End PBXFrameworksBuildPhase section */

/* Begin PBXGroup section */
		D4943D5B19C0C04700D8321C = {
			isa = PBXGroup;
			children = (
				D4943D6D19C0C04700D8321C /* Hello World */,
				D4943D8F19C0C04700D8321C /* Hello WorldTests */,
				D4943D6619C0C04700D8321C /* Frameworks */,
				D4943D6519C0C04700D8321C /* Products */,
			);
			sourceTree = "<group>";
		};
		D4943D6519C0C04700D8321C /* Products */ = {
			isa = PBXGroup;
			children = (
				D4943D6419C0C04700D8321C /* Hello World.app */,
				D4943D8819C0C04700D8321C /* Hello WorldTests.xctest */,
			);
			name = Products;
			sourceTree = "<group>";
		};
		D4943D6619C0C04700D8321C /* Frameworks */ = {
			isa = PBXGroup;
			children = (
				D4943D6719C0C04700D8321C /* Foundation.framework */,
				D4943D6919C0C04700D8321C /* CoreGraphics.framework */,
				D4943D6B19C0C04700D8321C /* UIKit.framework */,
				D4943D8919C0C04700D8321C /* XCTest.framework */,
			);
			name = Frameworks;
			sourceTree = "<group>";
		};
		D4943D6D19C0C04700D8321C /* Hello World */ = {
			isa = PBXGroup;
			children = (
				D4943D7619C0C04700D8321C /* AppDelegate.h */,
				D4943D7719C0C04700D8321C /* AppDelegate.m */,
				D4943D7919C0C04700D8321C /* Main_iPhone.storyboard */,
				D4943D7C19C0C04700D8321C /* Main_iPad.storyboard */,
				D4943D7F19C0C04700D8321C /* ViewController.h */,
				D4943D8019C0C04700D8321C /* ViewController.m */,
				D4943D8219C0C04700D8321C /* Images.xcassets */,
				D4943D6E19C0C04700D8321C /* Supporting Files */,
			);
			path = "Hello World";
			sourceTree = "<group>";
		};
		D4943D6E19C0C04700D8321C /* Supporting Files */ = {
			isa = PBXGroup;
			children = (
				D4943D6F19C0C04700D8321C /* Hello World-Info.plist */,
				D4943D7019C0C04700D8321C /* InfoPlist.strings */,
				D4943D7319C0C04700D8321C /* main.m */,
				D4943D7519C0C04700D8321C /* Hello World-Prefix.pch */,
			);
			name = "Supporting Files";
			sourceTree = "<group>";
		};
		D4943D8F19C0C04700D8321C /* Hello WorldTests */ = {
			isa = PBXGroup;
			children = (
				D4943D9519C0C04700D8321C /* Hello_WorldTests.m */,
				D4943D9019C0C04700D8321C /* Supporting Files */,
			);
			path = "Hello WorldTests";
			sourceTree = "<group>";
		};
		D4943D9019C0C04700D8321C /* Supporting Files */ = {
			isa = PBXGroup;
			children = (
				D4943D9119C0C04700D8321C /* Hello WorldTests-Info.plist */,
				D4943D9219C0C04700D8321C /* InfoPlist.strings */,
			);
			name = "Supporting Files";
			sourceTree = "<group>";
		};
/* End PBXGroup section */

/* Begin PBXNativeTarget section */
		D4943D6319C0C04700D8321C /* Hello World */ = {
			isa = PBXNativeTarget;
			buildConfigurationList = D4943D9919C0C04700D8321C /* Build configuration list for PBXNativeTarget "Hello World" */;
			buildPhases = (
				D4943D6019C0C04700D8321C /* Sources */,
				D4943D6119C0C04700D8321C /* Frameworks */,
				D4943D6219C0C04700D8321C /* Resources */,
			);
			buildRules = (
			);
			dependencies = (
			);
			name = "Hello World";
			productName = "Hello World";
			productReference = D4943D6419C0C04700D8321C /* Hello World.app */;
			productType = "com.apple.product-type.application";
		};
		D4943D8719C0C04700D8321C /* Hello WorldTests */ = {
			isa = PBXNativeTarget;
			buildConfigurationList = D4943D9C19C0C04700D8321C /* Build configuration list for PBXNativeTarget "Hello WorldTests" */;
			buildPhases = (
				D4943D8419C0C04700D8321C /* Sources */,
				D4943D8519C0C04700D8321C /* Frameworks */,
				D4943D8619C0C04700D8321C /* Resources */,
			);
			buildRules = (
			);
			dependencies = (
				D4943D8E19C0C04700D8321C /* PBXTargetDependency */,
			);
			name = "Hello WorldTests";
			productName = "Hello WorldTests";
			productReference = D4943D8819C0C04700D8321C /* Hello WorldTests.xctest */;
			productType = "com.apple.product-type.bundle.unit-test";
		};
/* End PBXNativeTarget section */

/* Begin PBXProject section */
		D4943D5C19C0C04700D8321C /* Project object */ = {
			isa = PBXProject;
			attributes = {
				LastUpgradeCheck = 0510;
				ORGANIZATIONNAME = "Rob Kunst";
				TargetAttributes = {
					D4943D8719C0C04700D8321C = {
						TestTargetID = D4943D6319C0C04700D8321C;
					};
				};
			};
			buildConfigurationList = D4943D5F19C0C04700D8321C /* Build configuration list for PBXProject "Hello World" */;
			compatibilityVersion = "Xcode 3.2";
			developmentRegion = English;
			hasScannedForEncodings = 0;
			knownRegions = (
				en,
				Base,
			);
			mainGroup = D4943D5B19C0C04700D8321C;
			productRefGroup = D4943D6519C0C04700D8321C /* Products */;
			projectDirPath = "";
			projectRoot = "";
			targets = (
				D4943D6319C0C04700D8321C /* Hello World */,
				D4943D8719C0C04700D8321C /* Hello WorldTests */,
			);
		};
/* End PBXProject section */

/* Begin PBXResourcesBuildPhase section */
		D4943D6219C0C04700D8321C /* Resources */ = {
			isa = PBXResourcesBuildPhase;
			buildActionMask = 2147483647;
			files = (
				D4943D7E19C0C04700D8321C /* Main_iPad.storyboard in Resources */,
				D4943D8319C0C04700D8321C /* Images.xcassets in Resources */,
				D4943D7B19C0C04700D8321C /* Main_iPhone.storyboard in Resources */,
				D4943D7219C0C04700D8321C /* InfoPlist.strings in Resources */,
			);
			runOnlyForDeploymentPostprocessing = 0;
		};
		D4943D8619C0C04700D8321C /* Resources */ = {
			isa = PBXResourcesBuildPhase;
			buildActionMask = 2147483647;
			files = (
				D4943D9419C0C04700D8321C /* InfoPlist.strings in Resources */,
			);
			runOnlyForDeploymentPostprocessing = 0;
		};
/* End PBXResourcesBuildPhase section */

/* Begin PBXSourcesBuildPhase section */
		D4943D6019C0C04700D8321C /* Sources */ = {
			isa = PBXSourcesBuildPhase;
			buildActionMask = 2147483647;
			files = (
				D4943D8119C0C04700D8321C /* ViewController.m in Sources */,
				D4943D7819C0C04700D8321C /* AppDelegate.m in Sources */,
				D4943D7419C0C04700D8321C /* main.m in Sources */,
			);
			runOnlyForDeploymentPostprocessing = 0;
		};
		D4943D8419C0C04700D8321C /* Sources */ = {
			isa = PBXSourcesBuildPhase;
			buildActionMask = 2147483647;
			files = (
				D4943D9619C0C04700D8321C /* Hello_WorldTests.m in Sources */,
			);
			runOnlyForDeploymentPostprocessing = 0;
		};
/* End PBXSourcesBuildPhase section */

/* Begin PBXTargetDependency section */
		D4943D8E19C0C04700D8321C /* PBXTargetDependency */ = {
			isa = PBXTargetDependency;
			target = D4943D6319C0C04700D8321C /* Hello World */;
			targetProxy = D4943D8D19C0C04700D8321C /* PBXContainerItemProxy */;
		};
/* End PBXTargetDependency section */

/* Begin PBXVariantGroup section */
		D4943D7019C0C04700D8321C /* InfoPlist.strings */ = {
			isa = PBXVariantGroup;
			children = (
				D4943D7119C0C04700D8321C /* en */,
			);
			name = InfoPlist.strings;
			sourceTree = "<group>";
		};
		D4943D7919C0C04700D8321C /* Main_iPhone.storyboard */ = {
			isa = PBXVariantGroup;
			children = (
				D4943D7A19C0C04700D8321C /* Base */,
			);
			name = Main_iPhone.storyboard;
			sourceTree = "<group>";
		};
		D4943D7C19C0C04700D8321C /* Main_iPad.storyboard */ = {
			isa = PBXVariantGroup;
			children = (
				D4943D7D19C0C04700D8321C /* Base */,
			);
			name = Main_iPad.storyboard;
			sourceTree = "<group>";
		};
		D4943D9219C0C04700D8321C /* InfoPlist.strings */ = {
			isa = PBXVariantGroup;
			children = (
				D4943D9319C0C04700D8321C /* en */,
			);
			name = InfoPlist.strings;
			sourceTree = "<group>";
		};
/* End PBXVariantGroup section */

/* Begin XCBuildConfiguration section */
		D4943D9719C0C04700D8321C /* Debug */ = {
			isa = XCBuildConfiguration;
			buildSettings = {
				ALWAYS_SEARCH_USER_PATHS = NO;
				CLANG_CXX_LANGUAGE_STANDARD = "gnu++0x";
				CLANG_CXX_LIBRARY = "libc++";
				CLANG_ENABLE_MODULES = YES;
				CLANG_ENABLE_OBJC_ARC = YES;
				CLANG_WARN_BOOL_CONVERSION = YES;
				CLANG_WARN_CONSTANT_CONVERSION = YES;
				CLANG_WARN_DIRECT_OBJC_ISA_USAGE = YES_ERROR;
				CLANG_WARN_EMPTY_BODY = YES;
				CLANG_WARN_ENUM_CONVERSION = YES;
				CLANG_WARN_INT_CONVERSION = YES;
				CLANG_WARN_OBJC_ROOT_CLASS = YES_ERROR;
				CLANG_WARN__DUPLICATE_METHOD_MATCH = YES;
				"CODE_SIGN_IDENTITY[sdk=iphoneos*]" = "iPhone Developer";
				COPY_PHASE_STRIP = NO;
				GCC_C_LANGUAGE_STANDARD = gnu99;
				GCC_DYNAMIC_NO_PIC = NO;
				GCC_OPTIMIZATION_LEVEL = 0;
				GCC_PREPROCESSOR_DEFINITIONS = (
					"DEBUG=1",
					"$(inherited)",
				);
				GCC_SYMBOLS_PRIVATE_EXTERN = NO;
				GCC_WARN_64_TO_32_BIT_CONVERSION = YES;
				GCC_WARN_ABOUT_RETURN_TYPE = YES_ERROR;
				GCC_WARN_UNDECLARED_SELECTOR = YES;
				GCC_WARN_UNINITIALIZED_AUTOS = YES_AGGRESSIVE;
				GCC_WARN_UNUSED_FUNCTION = YES;
				GCC_WARN_UNUSED_VARIABLE = YES;
				IPHONEOS_DEPLOYMENT_TARGET = 7.1;
				ONLY_ACTIVE_ARCH = YES;
				SDKROOT = iphoneos;
				TARGETED_DEVICE_FAMILY = "1,2";
			};
			name = Debug;
		};
		D4943D9819C0C04700D8321C /* Release */ = {
			isa = XCBuildConfiguration;
			buildSettings = {
				ALWAYS_SEARCH_USER_PATHS = NO;
				CLANG_CXX_LANGUAGE_STANDARD = "gnu++0x";
				CLANG_CXX_LIBRARY = "libc++";
				CLANG_ENABLE_MODULES = YES;
				CLANG_ENABLE_OBJC_ARC = YES;
				CLANG_WARN_BOOL_CONVERSION = YES;
				CLANG_WARN_CONSTANT_CONVERSION = YES;
				CLANG_WARN_DIRECT_OBJC_ISA_USAGE = YES_ERROR;
				CLANG_WARN_EMPTY_BODY = YES;
				CLANG_WARN_ENUM_CONVERSION = YES;
				CLANG_WARN_INT_CONVERSION = YES;
				CLANG_WARN_OBJC_ROOT_CLASS = YES_ERROR;
				CLANG_WARN__DUPLICATE_METHOD_MATCH = YES;
				"CODE_SIGN_IDENTITY[sdk=iphoneos*]" = "iPhone Developer";
				COPY_PHASE_STRIP = YES;
				ENABLE_NS_ASSERTIONS = NO;
				GCC_C_LANGUAGE_STANDARD = gnu99;
				GCC_WARN_64_TO_32_BIT_CONVERSION = YES;
				GCC_WARN_ABOUT_RETURN_TYPE = YES_ERROR;
				GCC_WARN_UNDECLARED_SELECTOR = YES;
				GCC_WARN_UNINITIALIZED_AUTOS = YES_AGGRESSIVE;
				GCC_WARN_UNUSED_FUNCTION = YES;
				GCC_WARN_UNUSED_VARIABLE = YES;
				IPHONEOS_DEPLOYMENT_TARGET = 7.1;
				SDKROOT = iphoneos;
				TARGETED_DEVICE_FAMILY = "1,2";
				VALIDATE_PRODUCT = YES;
			};
			name = Release;
		};
		D4943D9A19C0C04700D8321C /* Debug */ = {
			isa = XCBuildConfiguration;
			buildSettings = {
				ASSETCATALOG_COMPILER_APPICON_NAME = AppIcon;
				ASSETCATALOG_COMPILER_LAUNCHIMAGE_NAME = LaunchImage;
				GCC_PRECOMPILE_PREFIX_HEADER = YES;
				GCC_PREFIX_HEADER = "Hello World/Hello World-Prefix.pch";
				INFOPLIST_FILE = "Hello World/Hello World-Info.plist";
				PRODUCT_NAME = "$(TARGET_NAME)";
				WRAPPER_EXTENSION = app;
			};
			name = Debug;
		};
		D4943D9B19C0C04700D8321C /* Release */ = {
			isa = XCBuildConfiguration;
			buildSettings = {
				ASSETCATALOG_COMPILER_APPICON_NAME = AppIcon;
				ASSETCATALOG_COMPILER_LAUNCHIMAGE_NAME = LaunchImage;
				GCC_PRECOMPILE_PREFIX_HEADER = YES;
				GCC_PREFIX_HEADER = "Hello World/Hello World-Prefix.pch";
				INFOPLIST_FILE = "Hello World/Hello World-Info.plist";
				PRODUCT_NAME = "$(TARGET_NAME)";
				WRAPPER_EXTENSION = app;
			};
			name = Release;
		};
		D4943D9D19C0C04700D8321C /* Debug */ = {
			isa = XCBuildConfiguration;
			buildSettings = {
				BUNDLE_LOADER = "$(BUILT_PRODUCTS_DIR)/Hello World.app/Hello World";
				FRAMEWORK_SEARCH_PATHS = (
					"$(SDKROOT)/Developer/Library/Frameworks",
					"$(inherited)",
					"$(DEVELOPER_FRAMEWORKS_DIR)",
				);
				GCC_PRECOMPILE_PREFIX_HEADER = YES;
				GCC_PREFIX_HEADER = "Hello World/Hello World-Prefix.pch";
				GCC_PREPROCESSOR_DEFINITIONS = (
					"DEBUG=1",
					"$(inherited)",
				);
				INFOPLIST_FILE = "Hello WorldTests/Hello WorldTests-Info.plist";
				PRODUCT_NAME = "$(TARGET_NAME)";
				TEST_HOST = "$(BUNDLE_LOADER)";
				WRAPPER_EXTENSION = xctest;
			};
			name = Debug;
		};
		D4943D9E19C0C04700D8321C /* Release */ = {
			isa = XCBuildConfiguration;
			buildSettings = {
				BUNDLE_LOADER = "$(BUILT_PRODUCTS_DIR)/Hello World.app/Hello World";
				FRAMEWORK_SEARCH_PATHS = (
					"$(SDKROOT)/Developer/Library/Frameworks",
					"$(inherited)",
					"$(DEVELOPER_FRAMEWORKS_DIR)",
				);
				GCC_PRECOMPILE_PREFIX_HEADER = YES;
				GCC_PREFIX_HEADER = "Hello World/Hello World-Prefix.pch";
				INFOPLIST_FILE = "Hello WorldTests/Hello WorldTests-Info.plist";
				PRODUCT_NAME = "$(TARGET_NAME)";
				TEST_HOST = "$(BUNDLE_LOADER)";
				WRAPPER_EXTENSION = xctest;
			};
			name = Release;
		};
/* End XCBuildConfiguration section */

/* Begin XCConfigurationList section */
		D4943D5F19C0C04700D8321C /* Build configuration list for PBXProject "Hello World" */ = {
			isa = XCConfigurationList;
			buildConfigurations = (
				D4943D9719C0C04700D8321C /* Debug */,
				D4943D9819C0C04700D8321C /* Release */,
			);
			defaultConfigurationIsVisible = 0;
			defaultConfigurationName = Release;
		};
		D4943D9919C0C04700D8321C /* Build configuration list for PBXNativeTarget "Hello World" */ = {
			isa = XCConfigurationList;
			buildConfigurations = (
				D4943D9A19C0C04700D8321C /* Debug */,
				D4943D9B19C0C04700D8321C /* Release */,
			);
			defaultConfigurationIsVisible = 0;
		};
		D4943D9C19C0C04700D8321C /* Build configuration list for PBXNativeTarget "Hello WorldTests" */ = {
			isa = XCConfigurationList;
			buildConfigurations = (
				D4943D9D19C0C04700D8321C /* Debug */,
				D4943D9E19C0C04700D8321C /* Release */,
			);
			defaultConfigurationIsVisible = 0;
		};
/* End XCConfigurationList section */
	};
	rootObject = D4943D5C19C0C04700D8321C /* Project object */;
}
